
Microsoft Visual Studio Solution File, Format Version 12.00
# Visual Studio Version 17
VisualStudioVersion = 17.7.34024.191
MinimumVisualStudioVersion = 10.0.40219.1
Project("{FAE04EC0-301F-11D3-BF4B-00C04F79EFBC}") = "Login", "Login.csproj", "{2FEF4A00-65DD-4F94-8D4B-F705EC531FF4}"
EndProject
Global
	GlobalSection(SolutionConfigurationPlatforms) = preSolution
		Debug|Any CPU = Debug|Any CPU
		Release|Any CPU = Release|Any CPU
	EndGlobalSection
	GlobalSection(ProjectConfigurationPlatforms) = postSolution
		{2FEF4A00-65DD-4F94-8D4B-F705EC531FF4}.Debug|Any CPU.ActiveCfg = Debug|Any CPU
		{2FEF4A00-65DD-4F94-8D4B-F705EC531FF4}.Debug|Any CPU.Build.0 = Debug|Any CPU
		{2FEF4A00-65DD-4F94-8D4B-F705EC531FF4}.Release|Any CPU.ActiveCfg = Release|Any CPU
		{2FEF4A00-65DD-4F94-8D4B-F705EC531FF4}.Release|Any CPU.Build.0 = Release|Any CPU
	EndGlobalSection
	GlobalSection(SolutionProperties) = preSolution
		HideSolutionNode = FALSE
	EndGlobalSection
	GlobalSection(ExtensibilityGlobals) = postSolution
		SolutionGuid = {36886DDF-40F1-4A06-8E3F-0BADF0D1CCDB}
	EndGlobalSection
EndGlobal
